
Microsoft Visual Studio Solution File, Format Version 12.00
# Visual Studio Version 16
VisualStudioVersion = 16.0.29215.179
MinimumVisualStudioVersion = 10.0.40219.1
Project("{FAE04EC0-301F-11D3-BF4B-00C04F79EFBC}") = "MedicLabStudyApplication", "MedicLabStudyApplication\MedicLabStudyApplication.csproj", "{6BDBAAF3-8B18-4F39-B642-603F7F193B89}"
EndProject
Global
	GlobalSection(SolutionConfigurationPlatforms) = preSolution
		Debug|Any CPU = Debug|Any CPU
		Release|Any CPU = Release|Any CPU
	EndGlobalSection
	GlobalSection(ProjectConfigurationPlatforms) = postSolution
		{6BDBAAF3-8B18-4F39-B642-603F7F193B89}.Debug|Any CPU.ActiveCfg = Debug|Any CPU
		{6BDBAAF3-8B18-4F39-B642-603F7F193B89}.Debug|Any CPU.Build.0 = Debug|Any CPU
		{6BDBAAF3-8B18-4F39-B642-603F7F193B89}.Release|Any CPU.ActiveCfg = Release|Any CPU
		{6BDBAAF3-8B18-4F39-B642-603F7F193B89}.Release|Any CPU.Build.0 = Release|Any CPU
	EndGlobalSection
	GlobalSection(SolutionProperties) = preSolution
		HideSolutionNode = FALSE
	EndGlobalSection
	GlobalSection(ExtensibilityGlobals) = postSolution
		SolutionGuid = {AFFD15C2-03FC-458C-96D8-3A25287ECBD1}
	EndGlobalSection
EndGlobal
